
Microsoft Visual Studio Solution File, Format Version 12.00
# Visual Studio Version 16
VisualStudioVersion = 16.0.33027.164
MinimumVisualStudioVersion = 10.0.40219.1
Project("{FAE04EC0-301F-11D3-BF4B-00C04F79EFBC}") = "Desafio01-aula14", "Desafio01-aula10\Desafio01-aula14.csproj", "{35022199-C054-4FC5-BE93-EA96E86F6339}"
EndProject
Global
	GlobalSection(SolutionConfigurationPlatforms) = preSolution
		Debug|Any CPU = Debug|Any CPU
		Release|Any CPU = Release|Any CPU
	EndGlobalSection
	GlobalSection(ProjectConfigurationPlatforms) = postSolution
		{35022199-C054-4FC5-BE93-EA96E86F6339}.Debug|Any CPU.ActiveCfg = Debug|Any CPU
		{35022199-C054-4FC5-BE93-EA96E86F6339}.Debug|Any CPU.Build.0 = Debug|Any CPU
		{35022199-C054-4FC5-BE93-EA96E86F6339}.Release|Any CPU.ActiveCfg = Release|Any CPU
		{35022199-C054-4FC5-BE93-EA96E86F6339}.Release|Any CPU.Build.0 = Release|Any CPU
	EndGlobalSection
	GlobalSection(SolutionProperties) = preSolution
		HideSolutionNode = FALSE
	EndGlobalSection
	GlobalSection(ExtensibilityGlobals) = postSolution
		SolutionGuid = {26892258-EEE5-4CDA-A13E-68359FC71131}
	EndGlobalSection
EndGlobal
